// !$*UTF8*$!
{
	archiveVersion = 1;
	classes = {
	};
	objectVersion = 46;
	objects = {

/* Begin PBXBuildFile section */
		6449FD3B1AE1EA440074D7A1 /* AppDelegate.swift in Sources */ = {isa = PBXBuildFile; fileRef = 6449FD3A1AE1EA440074D7A1 /* AppDelegate.swift */; };
		6449FD3D1AE1EA440074D7A1 /* ViewController.swift in Sources */ = {isa = PBXBuildFile; fileRef = 6449FD3C1AE1EA440074D7A1 /* ViewController.swift */; };
		6449FD401AE1EA440074D7A1 /* Main.storyboard in Resources */ = {isa = PBXBuildFile; fileRef = 6449FD3E1AE1EA440074D7A1 /* Main.storyboard */; };
		6449FD421AE1EA440074D7A1 /* Images.xcassets in Resources */ = {isa = PBXBuildFile; fileRef = 6449FD411AE1EA440074D7A1 /* Images.xcassets */; };
		6449FD451AE1EA440074D7A1 /* LaunchScreen.xib in Resources */ = {isa = PBXBuildFile; fileRef = 6449FD431AE1EA440074D7A1 /* LaunchScreen.xib */; };
		6449FD511AE1EA440074D7A1 /* TipCalculatorTests.swift in Sources */ = {isa = PBXBuildFile; fileRef = 6449FD501AE1EA440074D7A1 /* TipCalculatorTests.swift */; };
/* End PBXBuildFile section */

/* Begin PBXContainerItemProxy section */
		6449FD4B1AE1EA440074D7A1 /* PBXContainerItemProxy */ = {
			isa = PBXContainerItemProxy;
			containerPortal = 6449FD2D1AE1EA440074D7A1 /* Project object */;
			proxyType = 1;
			remoteGlobalIDString = 6449FD341AE1EA440074D7A1;
			remoteInfo = TipCalculator;
		};
/* End PBXContainerItemProxy section */

/* Begin PBXFileReference section */
		6449FD351AE1EA440074D7A1 /* TipCalculator.app */ = {isa = PBXFileReference; explicitFileType = wrapper.application; includeInIndex = 0; path = TipCalculator.app; sourceTree = BUILT_PRODUCTS_DIR; };
		6449FD391AE1EA440074D7A1 /* Info.plist */ = {isa = PBXFileReference; lastKnownFileType = text.plist.xml; path = Info.plist; sourceTree = "<group>"; };
		6449FD3A1AE1EA440074D7A1 /* AppDelegate.swift */ = {isa = PBXFileReference; lastKnownFileType = sourcecode.swift; path = AppDelegate.swift; sourceTree = "<group>"; };
		6449FD3C1AE1EA440074D7A1 /* ViewController.swift */ = {isa = PBXFileReference; lastKnownFileType = sourcecode.swift; path = ViewController.swift; sourceTree = "<group>"; };
		6449FD3F1AE1EA440074D7A1 /* Base */ = {isa = PBXFileReference; lastKnownFileType = file.storyboard; name = Base; path = Base.lproj/Main.storyboard; sourceTree = "<group>"; };
		6449FD411AE1EA440074D7A1 /* Images.xcassets */ = {isa = PBXFileReference; lastKnownFileType = folder.assetcatalog; path = Images.xcassets; sourceTree = "<group>"; };
		6449FD441AE1EA440074D7A1 /* Base */ = {isa = PBXFileReference; lastKnownFileType = file.xib; name = Base; path = Base.lproj/LaunchScreen.xib; sourceTree = "<group>"; };
		6449FD4A1AE1EA440074D7A1 /* TipCalculatorTests.xctest */ = {isa = PBXFileReference; explicitFileType = wrapper.cfbundle; includeInIndex = 0; path = TipCalculatorTests.xctest; sourceTree = BUILT_PRODUCTS_DIR; };
		6449FD4F1AE1EA440074D7A1 /* Info.plist */ = {isa = PBXFileReference; lastKnownFileType = text.plist.xml; path = Info.plist; sourceTree = "<group>"; };
		6449FD501AE1EA440074D7A1 /* TipCalculatorTests.swift */ = {isa = PBXFileReference; lastKnownFileType = sourcecode.swift; path = TipCalculatorTests.swift; sourceTree = "<group>"; };
/* End PBXFileReference section */

/* Begin PBXFrameworksBuildPhase section */
		6449FD321AE1EA440074D7A1 /* Frameworks */ = {
			isa = PBXFrameworksBuildPhase;
			buildActionMask = 2147483647;
			files = (
			);
			runOnlyForDeploymentPostprocessing = 0;
		};
		6449FD471AE1EA440074D7A1 /* Frameworks */ = {
			isa = PBXFrameworksBuildPhase;
			buildActionMask = 2147483647;
			files = (
			);
			runOnlyForDeploymentPostprocessing = 0;
		};
/* End PBXFrameworksBuildPhase section */

/* Begin PBXGroup section */
		6449FD2C1AE1EA440074D7A1 = {
			isa = PBXGroup;
			children = (
				6449FD371AE1EA440074D7A1 /* TipCalculator */,
				6449FD4D1AE1EA440074D7A1 /* TipCalculatorTests */,
				6449FD361AE1EA440074D7A1 /* Products */,
			);
			sourceTree = "<group>";
		};
		6449FD361AE1EA440074D7A1 /* Products */ = {
			isa = PBXGroup;
			children = (
				6449FD351AE1EA440074D7A1 /* TipCalculator.app */,
				6449FD4A1AE1EA440074D7A1 /* TipCalculatorTests.xctest */,
			);
			name = Products;
			sourceTree = "<group>";
		};
		6449FD371AE1EA440074D7A1 /* TipCalculator */ = {
			isa = PBXGroup;
			children = (
				6449FD3A1AE1EA440074D7A1 /* AppDelegate.swift */,
				6449FD3C1AE1EA440074D7A1 /* ViewController.swift */,
				6449FD3E1AE1EA440074D7A1 /* Main.storyboard */,
				6449FD411AE1EA440074D7A1 /* Images.xcassets */,
				6449FD431AE1EA440074D7A1 /* LaunchScreen.xib */,
				6449FD381AE1EA440074D7A1 /* Supporting Files */,
			);
			path = TipCalculator;
			sourceTree = "<group>";
		};
		6449FD381AE1EA440074D7A1 /* Supporting Files */ = {
			isa = PBXGroup;
			children = (
				6449FD391AE1EA440074D7A1 /* Info.plist */,
			);
			name = "Supporting Files";
			sourceTree = "<group>";
		};
		6449FD4D1AE1EA440074D7A1 /* TipCalculatorTests */ = {
			isa = PBXGroup;
			children = (
				6449FD501AE1EA440074D7A1 /* TipCalculatorTests.swift */,
				6449FD4E1AE1EA440074D7A1 /* Supporting Files */,
			);
			path = TipCalculatorTests;
			sourceTree = "<group>";
		};
		6449FD4E1AE1EA440074D7A1 /* Supporting Files */ = {
			isa = PBXGroup;
			children = (
				6449FD4F1AE1EA440074D7A1 /* Info.plist */,
			);
			name = "Supporting Files";
			sourceTree = "<group>";
		};
/* End PBXGroup section */

/* Begin PBXNativeTarget section */
		6449FD341AE1EA440074D7A1 /* TipCalculator */ = {
			isa = PBXNativeTarget;
			buildConfigurationList = 6449FD541AE1EA440074D7A1 /* Build configuration list for PBXNativeTarget "TipCalculator" */;
			buildPhases = (
				6449FD311AE1EA440074D7A1 /* Sources */,
				6449FD321AE1EA440074D7A1 /* Frameworks */,
				6449FD331AE1EA440074D7A1 /* Resources */,
			);
			buildRules = (
			);
			dependencies = (
			);
			name = TipCalculator;
			productName = TipCalculator;
			productReference = 6449FD351AE1EA440074D7A1 /* TipCalculator.app */;
			productType = "com.apple.product-type.application";
		};
		6449FD491AE1EA440074D7A1 /* TipCalculatorTests */ = {
			isa = PBXNativeTarget;
			buildConfigurationList = 6449FD571AE1EA440074D7A1 /* Build configuration list for PBXNativeTarget "TipCalculatorTests" */;
			buildPhases = (
				6449FD461AE1EA440074D7A1 /* Sources */,
				6449FD471AE1EA440074D7A1 /* Frameworks */,
				6449FD481AE1EA440074D7A1 /* Resources */,
			);
			buildRules = (
			);
			dependencies = (
				6449FD4C1AE1EA440074D7A1 /* PBXTargetDependency */,
			);
			name = TipCalculatorTests;
			productName = TipCalculatorTests;
			productReference = 6449FD4A1AE1EA440074D7A1 /* TipCalculatorTests.xctest */;
			productType = "com.apple.product-type.bundle.unit-test";
		};
/* End PBXNativeTarget section */

/* Begin PBXProject section */
		6449FD2D1AE1EA440074D7A1 /* Project object */ = {
			isa = PBXProject;
			attributes = {
				LastUpgradeCheck = 0630;
				ORGANIZATIONNAME = "Viren Mistry";
				TargetAttributes = {
					6449FD341AE1EA440074D7A1 = {
						CreatedOnToolsVersion = 6.3;
					};
					6449FD491AE1EA440074D7A1 = {
						CreatedOnToolsVersion = 6.3;
						TestTargetID = 6449FD341AE1EA440074D7A1;
					};
				};
			};
			buildConfigurationList = 6449FD301AE1EA440074D7A1 /* Build configuration list for PBXProject "TipCalculator" */;
			compatibilityVersion = "Xcode 3.2";
			developmentRegion = English;
			hasScannedForEncodings = 0;
			knownRegions = (
				en,
				Base,
			);
			mainGroup = 6449FD2C1AE1EA440074D7A1;
			productRefGroup = 6449FD361AE1EA440074D7A1 /* Products */;
			projectDirPath = "";
			projectRoot = "";
			targets = (
				6449FD341AE1EA440074D7A1 /* TipCalculator */,
				6449FD491AE1EA440074D7A1 /* TipCalculatorTests */,
			);
		};
/* End PBXProject section */

/* Begin PBXResourcesBuildPhase section */
		6449FD331AE1EA440074D7A1 /* Resources */ = {
			isa = PBXResourcesBuildPhase;
			buildActionMask = 2147483647;
			files = (
				6449FD401AE1EA440074D7A1 /* Main.storyboard in Resources */,
				6449FD451AE1EA440074D7A1 /* LaunchScreen.xib in Resources */,
				6449FD421AE1EA440074D7A1 /* Images.xcassets in Resources */,
			);
			runOnlyForDeploymentPostprocessing = 0;
		};
		6449FD481AE1EA440074D7A1 /* Resources */ = {
			isa = PBXResourcesBuildPhase;
			buildActionMask = 2147483647;
			files = (
			);
			runOnlyForDeploymentPostprocessing = 0;
		};
/* End PBXResourcesBuildPhase section */

/* Begin PBXSourcesBuildPhase section */
		6449FD311AE1EA440074D7A1 /* Sources */ = {
			isa = PBXSourcesBuildPhase;
			buildActionMask = 2147483647;
			files = (
				6449FD3D1AE1EA440074D7A1 /* ViewController.swift in Sources */,
				6449FD3B1AE1EA440074D7A1 /* AppDelegate.swift in Sources */,
			);
			runOnlyForDeploymentPostprocessing = 0;
		};
		6449FD461AE1EA440074D7A1 /* Sources */ = {
			isa = PBXSourcesBuildPhase;
			buildActionMask = 2147483647;
			files = (
				6449FD511AE1EA440074D7A1 /* TipCalculatorTests.swift in Sources */,
			);
			runOnlyForDeploymentPostprocessing = 0;
		};
/* End PBXSourcesBuildPhase section */

/* Begin PBXTargetDependency section */
		6449FD4C1AE1EA440074D7A1 /* PBXTargetDependency */ = {
			isa = PBXTargetDependency;
			target = 6449FD341AE1EA440074D7A1 /* TipCalculator */;
			targetProxy = 6449FD4B1AE1EA440074D7A1 /* PBXContainerItemProxy */;
		};
/* End PBXTargetDependency section */

/* Begin PBXVariantGroup section */
		6449FD3E1AE1EA440074D7A1 /* Main.storyboard */ = {
			isa = PBXVariantGroup;
			children = (
				6449FD3F1AE1EA440074D7A1 /* Base */,
			);
			name = Main.storyboard;
			sourceTree = "<group>";
		};
		6449FD431AE1EA440074D7A1 /* LaunchScreen.xib */ = {
			isa = PBXVariantGroup;
			children = (
				6449FD441AE1EA440074D7A1 /* Base */,
			);
			name = LaunchScreen.xib;
			sourceTree = "<group>";
		};
/* End PBXVariantGroup section */

/* Begin XCBuildConfiguration section */
		6449FD521AE1EA440074D7A1 /* Debug */ = {
			isa = XCBuildConfiguration;
			buildSettings = {
				ALWAYS_SEARCH_USER_PATHS = NO;
				CLANG_CXX_LANGUAGE_STANDARD = "gnu++0x";
				CLANG_CXX_LIBRARY = "libc++";
				CLANG_ENABLE_MODULES = YES;
				CLANG_ENABLE_OBJC_ARC = YES;
				CLANG_WARN_BOOL_CONVERSION = YES;
				CLANG_WARN_CONSTANT_CONVERSION = YES;
				CLANG_WARN_DIRECT_OBJC_ISA_USAGE = YES_ERROR;
				CLANG_WARN_EMPTY_BODY = YES;
				CLANG_WARN_ENUM_CONVERSION = YES;
				CLANG_WARN_INT_CONVERSION = YES;
				CLANG_WARN_OBJC_ROOT_CLASS = YES_ERROR;
				CLANG_WARN_UNREACHABLE_CODE = YES;
				CLANG_WARN__DUPLICATE_METHOD_MATCH = YES;
				"CODE_SIGN_IDENTITY[sdk=iphoneos*]" = "iPhone Developer";
				COPY_PHASE_STRIP = NO;
				DEBUG_INFORMATION_FORMAT = "dwarf-with-dsym";
				ENABLE_STRICT_OBJC_MSGSEND = YES;
				GCC_C_LANGUAGE_STANDARD = gnu99;
				GCC_DYNAMIC_NO_PIC = NO;
				GCC_NO_COMMON_BLOCKS = YES;
				GCC_OPTIMIZATION_LEVEL = 0;
				GCC_PREPROCESSOR_DEFINITIONS = (
					"DEBUG=1",
					"$(inherited)",
				);
				GCC_SYMBOLS_PRIVATE_EXTERN = NO;
				GCC_WARN_64_TO_32_BIT_CONVERSION = YES;
				GCC_WARN_ABOUT_RETURN_TYPE = YES_ERROR;
				GCC_WARN_UNDECLARED_SELECTOR = YES;
				GCC_WARN_UNINITIALIZED_AUTOS = YES_AGGRESSIVE;
				GCC_WARN_UNUSED_FUNCTION = YES;
				GCC_WARN_UNUSED_VARIABLE = YES;
				IPHONEOS_DEPLOYMENT_TARGET = 8.3;
				MTL_ENABLE_DEBUG_INFO = YES;
				ONLY_ACTIVE_ARCH = YES;
				SDKROOT = iphoneos;
				SWIFT_OPTIMIZATION_LEVEL = "-Onone";
			};
			name = Debug;
		};
		6449FD531AE1EA440074D7A1 /* Release */ = {
			isa = XCBuildConfiguration;
			buildSettings = {
				ALWAYS_SEARCH_USER_PATHS = NO;
				CLANG_CXX_LANGUAGE_STANDARD = "gnu++0x";
				CLANG_CXX_LIBRARY = "libc++";
				CLANG_ENABLE_MODULES = YES;
				CLANG_ENABLE_OBJC_ARC = YES;
				CLANG_WARN_BOOL_CONVERSION = YES;
				CLANG_WARN_CONSTANT_CONVERSION = YES;
				CLANG_WARN_DIRECT_OBJC_ISA_USAGE = YES_ERROR;
				CLANG_WARN_EMPTY_BODY = YES;
				CLANG_WARN_ENUM_CONVERSION = YES;
				CLANG_WARN_INT_CONVERSION = YES;
				CLANG_WARN_OBJC_ROOT_CLASS = YES_ERROR;
				CLANG_WARN_UNREACHABLE_CODE = YES;
				CLANG_WARN__DUPLICATE_METHOD_MATCH = YES;
				"CODE_SIGN_IDENTITY[sdk=iphoneos*]" = "iPhone Developer";
				COPY_PHASE_STRIP = NO;
				DEBUG_INFORMATION_FORMAT = "dwarf-with-dsym";
				ENABLE_NS_ASSERTIONS = NO;
				ENABLE_STRICT_OBJC_MSGSEND = YES;
				GCC_C_LANGUAGE_STANDARD = gnu99;
				GCC_NO_COMMON_BLOCKS = YES;
				GCC_WARN_64_TO_32_BIT_CONVERSION = YES;
				GCC_WARN_ABOUT_RETURN_TYPE = YES_ERROR;
				GCC_WARN_UNDECLARED_SELECTOR = YES;
				GCC_WARN_UNINITIALIZED_AUTOS = YES_AGGRESSIVE;
				GCC_WARN_UNUSED_FUNCTION = YES;
				GCC_WARN_UNUSED_VARIABLE = YES;
				IPHONEOS_DEPLOYMENT_TARGET = 8.3;
				MTL_ENABLE_DEBUG_INFO = NO;
				SDKROOT = iphoneos;
				VALIDATE_PRODUCT = YES;
			};
			name = Release;
		};
		6449FD551AE1EA440074D7A1 /* Debug */ = {
			isa = XCBuildConfiguration;
			buildSettings = {
				ASSETCATALOG_COMPILER_APPICON_NAME = AppIcon;
				INFOPLIST_FILE = TipCalculator/Info.plist;
				LD_RUNPATH_SEARCH_PATHS = "$(inherited) @executable_path/Frameworks";
				PRODUCT_NAME = "$(TARGET_NAME)";
			};
			name = Debug;
		};
		6449FD561AE1EA440074D7A1 /* Release */ = {
			isa = XCBuildConfiguration;
			buildSettings = {
				ASSETCATALOG_COMPILER_APPICON_NAME = AppIcon;
				INFOPLIST_FILE = TipCalculator/Info.plist;
				LD_RUNPATH_SEARCH_PATHS = "$(inherited) @executable_path/Frameworks";
				PRODUCT_NAME = "$(TARGET_NAME)";
			};
			name = Release;
		};
		6449FD581AE1EA440074D7A1 /* Debug */ = {
			isa = XCBuildConfiguration;
			buildSettings = {
				BUNDLE_LOADER = "$(TEST_HOST)";
				FRAMEWORK_SEARCH_PATHS = (
					"$(SDKROOT)/Developer/Library/Frameworks",
					"$(inherited)",
				);
				GCC_PREPROCESSOR_DEFINITIONS = (
					"DEBUG=1",
					"$(inherited)",
				);
				INFOPLIST_FILE = TipCalculatorTests/Info.plist;
				LD_RUNPATH_SEARCH_PATHS = "$(inherited) @executable_path/Frameworks @loader_path/Frameworks";
				PRODUCT_NAME = "$(TARGET_NAME)";
				TEST_HOST = "$(BUILT_PRODUCTS_DIR)/TipCalculator.app/TipCalculator";
			};
			name = Debug;
		};
		6449FD591AE1EA440074D7A1 /* Release */ = {
			isa = XCBuildConfiguration;
			buildSettings = {
				BUNDLE_LOADER = "$(TEST_HOST)";
				FRAMEWORK_SEARCH_PATHS = (
					"$(SDKROOT)/Developer/Library/Frameworks",
					"$(inherited)",
				);
				INFOPLIST_FILE = TipCalculatorTests/Info.plist;
				LD_RUNPATH_SEARCH_PATHS = "$(inherited) @executable_path/Frameworks @loader_path/Frameworks";
				PRODUCT_NAME = "$(TARGET_NAME)";
				TEST_HOST = "$(BUILT_PRODUCTS_DIR)/TipCalculator.app/TipCalculator";
			};
			name = Release;
		};
/* End XCBuildConfiguration section */

/* Begin XCConfigurationList section */
		6449FD301AE1EA440074D7A1 /* Build configuration list for PBXProject "TipCalculator" */ = {
			isa = XCConfigurationList;
			buildConfigurations = (
				6449FD521AE1EA440074D7A1 /* Debug */,
				6449FD531AE1EA440074D7A1 /* Release */,
			);
			defaultConfigurationIsVisible = 0;
			defaultConfigurationName = Release;
		};
		6449FD541AE1EA440074D7A1 /* Build configuration list for PBXNativeTarget "TipCalculator" */ = {
			isa = XCConfigurationList;
			buildConfigurations = (
				6449FD551AE1EA440074D7A1 /* Debug */,
				6449FD561AE1EA440074D7A1 /* Release */,
			);
			defaultConfigurationIsVisible = 0;
		};
		6449FD571AE1EA440074D7A1 /* Build configuration list for PBXNativeTarget "TipCalculatorTests" */ = {
			isa = XCConfigurationList;
			buildConfigurations = (
				6449FD581AE1EA440074D7A1 /* Debug */,
				6449FD591AE1EA440074D7A1 /* Release */,
			);
			defaultConfigurationIsVisible = 0;
		};
/* End XCConfigurationList section */
	};
	rootObject = 6449FD2D1AE1EA440074D7A1 /* Project object */;
}
